github.com/bitfield/script v0.22.1 h1:DphxoC5ssYciwd0ZS+N0Xae46geAD/0mVWh6a2NUxM4=
github.com/bitfield/script v0.22.1/go.mod h1:fv+6x4OzVsRs6qAlc7wiGq8fq1b5orhtQdtW0dwjUHI=
github.com/forPelevin/gomoji v1.1.3 h1:7c3dYzVmYhpOL3bS4riXqSWJBX3BhSvH68yoNNf3FH0=
github.com/forPelevin/gomoji v1.1.3/go.mod h1:ypB7Kz3Fsp+LVR7KoT7mEFOioYBuTuAtaAT4RGl+ASY=
github.com/itchyny/gojq v0.12.13 h1:IxyYlHYIlspQHHTE0f3cJF0NKDMfajxViuhBLnHd/QU=
github.com/itchyny/gojq v0.12.13/go.mod h1:JzwzAqenfhrPUuwbmEz3nu3JQmFLlQTQMUcOdnu/Sf4=
github.com/itchyny/timefmt-go v0.1.5 h1:G0INE2la8S6ru/ZI5JecgyzbbJNs5lG1RcBqa7Jm6GE=
github.com/itchyny/timefmt-go v0.1.5/go.mod h1:nEP7L+2YmAbT2kZ2HfSs1d8Xtw9LY8D2stDBckWakZ8=
github.com/otiai10/copy v1.14.0 h1:dCI/t1iTdYGtkvCuBG2BgR6KZa83PTclw4U5n2wAllU=
github.com/otiai10/copy v1.14.0/go.mod h1:ECfuL02W+/FkTWZWgQqXPWZgW9oeKCSQ5qVfSc4qc4w=
github.com/rivo/uniseg v0.4.4 h1:8TfxU8dW6PdqD27gjM8MVNuicgxIjxpm4K7x4jp8sis=
github.com/rivo/uniseg v0.4.4/go.mod h1:FN3SvrM+Zdj16jyLfmOkMNblXMcoc8DfTHruCPUcx88=
github.com/yuin/goldmark v1.7.4 h1:BDXOHExt+A7gwPCJgPIIq7ENvceR7we7rOS9TNoLZeg=
github.com/yuin/goldmark v1.7.4/go.mod h1:uzxRWxtg69N339t3louHJ7+O03ezfj6PlliRlaOzY1E=
go.abhg.dev/goldmark/hashtag v0.3.1 h1:k0FQwEtVQ1SstIRR2fqDJ4VNYUS0AXLp869V0qHOZMg=
go.abhg.dev/goldmark/hashtag v0.3.1/go.mod h1:rXtvxXPL7auhPMGRdG02UrXn/9LMm6PNdP5HO64zbVU=
golang.org/x/sync v0.3.0 h1:ftCYgMx6zT/asHUrPw8BLLscYtGznsLAnjq5RH9P66E=
golang.org/x/sync v0.3.0/go.mod h1:FU7BRWz2tNW+3quACPkgCx/L+uEAv1htQ0V83Z9Rj+Y=
golang.org/x/sys v0.10.0 h1:SqMFp9UcQJZa+pmYuAKjd9xq1f0j5rLcDIk0mj4qAsA=
golang.org/x/sys v0.10.0/go.mod h1:oPkhp1MJrh7nUepCBck5+mAzfO9JrbApNNgaTdGDITg=
mvdan.cc/sh/v3 v3.7.0 h1:lSTjdP/1xsddtaKfGg7Myu7DnlHItd3/M2tomOcNNBg=
mvdan.cc/sh/v3 v3.7.0/go.mod h1:K2gwkaesF/D7av7Kxl0HbF5kGOd2ArupNTX3X44+8l8=
