cloud.google.com/go/auth v0.20.0 h1:kXTssoVb4azsVDoUiF8KvxAqrsQcQtB53DcSgta74CA=
cloud.google.com/go/auth v0.20.0/go.mod h1:942/yi/itH1SsmpyrbnTMDgGfdy2BUqIKyd0cyYLc5Q=
cloud.google.com/go/auth/oauth2adapt v0.2.8 h1:keo8NaayQZ6wimpNSmW5OPc283g65QNIiLpZnkHRbnc=
cloud.google.com/go/auth/oauth2adapt v0.2.8/go.mod h1:XQ9y31RkqZCcwJWNSx2Xvric3RrU88hAYYbjDWYDL+c=
cloud.google.com/go/compute/metadata v0.9.0 h1:pDUj4QMoPejqq20dK0Pg2N4yG9zIkYGdBtwLoEkH9Zs=
cloud.google.com/go/compute/metadata v0.9.0/go.mod h1:E0bWwX5wTnLPedCKqk3pJmVgCBSM6qQI1yTBdEb3C10=
github.com/alecthomas/assert/v2 v2.11.0 h1:2Q9r3ki8+JYXvGsDyBXwH3LcJ+WK5D0gc5E8vS6K3D0=
github.com/alecthomas/assert/v2 v2.11.0/go.mod h1:Bze95FyfUr7x34QZrjL+XP+0qgp/zg8yS+TtBj1WA3k=
github.com/alecthomas/kong v1.15.0 h1:BVJstKbpO73zKpmIu+m/aLRrNmWwxXPIGTNin9VmLVI=
github.com/alecthomas/kong v1.15.0/go.mod h1:wrlbXem1CWqUV5Vbmss5ISYhsVPkBb1Yo7YKJghju2I=
github.com/alecthomas/repr v0.5.2 h1:SU73FTI9D1P5UNtvseffFSGmdNci/O6RsqzeXJtP0Qs=
github.com/alecthomas/repr v0.5.2/go.mod h1:Fr0507jx4eOXV7AlPV6AVZLYrLIuIeSOWtW57eE/O/4=
github.com/aws/aws-sdk-go-v2 v1.41.6 h1:1AX0AthnBQzMx1vbmir3Y4WsnJgiydmnJjiLu+LvXOg=
github.com/aws/aws-sdk-go-v2 v1.41.6/go.mod h1:dy0UzBIfwSeot4grGvY1AqFWN5zgziMmWGzysDnHFcQ=
github.com/aws/aws-sdk-go-v2/aws/protocol/eventstream v1.7.9 h1:adBsCIIpLbLmYnkQU+nAChU5yhVTvu5PerROm+/Kq2A=
github.com/aws/aws-sdk-go-v2/aws/protocol/eventstream v1.7.9/go.mod h1:uOYhgfgThm/ZyAuJGNQ5YgNyOlYfqnGpTHXvk3cpykg=
github.com/aws/aws-sdk-go-v2/config v1.32.16 h1:Q0iQ7quUgJP0F/SCRTieScnaMdXr9h/2+wze1u3cNeM=
github.com/aws/aws-sdk-go-v2/config v1.32.16/go.mod h1:duCCnJEFqpt2RC6no1iK6q+8HpwOAkiUua0pY507dQc=
github.com/aws/aws-sdk-go-v2/credentials v1.19.15 h1:fyvgWTszojq8hEnMi8PPBTvZdTtEVmAVyo+NFLHBhH4=
github.com/aws/aws-sdk-go-v2/credentials v1.19.15/go.mod h1:gJiYyMOjNg8OEdRWOf3CrFQxM2a98qmrtjx1zuiQfB8=
github.com/aws/aws-sdk-go-v2/feature/ec2/imds v1.18.22 h1:IOGsJ1xVWhsi+ZO7/NW8OuZZBtMJLZbk4P5HDjJO0jQ=
github.com/aws/aws-sdk-go-v2/feature/ec2/imds v1.18.22/go.mod h1:b+hYdbU+jGKfXE8kKM6g1+h+L/Go3vMvzlxBsiuGsxg=
github.com/aws/aws-sdk-go-v2/internal/configsources v1.4.22 h1:GmLa5Kw1ESqtFpXsx5MmC84QWa/ZrLZvlJGa2y+4kcQ=
github.com/aws/aws-sdk-go-v2/internal/configsources v1.4.22/go.mod h1:6sW9iWm9DK9YRpRGga/qzrzNLgKpT2cIxb7Vo2eNOp0=
github.com/aws/aws-sdk-go-v2/internal/endpoints/v2 v2.7.22 h1:dY4kWZiSaXIzxnKlj17nHnBcXXBfac6UlsAx2qL6XrU=
github.com/aws/aws-sdk-go-v2/internal/endpoints/v2 v2.7.22/go.mod h1:KIpEUx0JuRZLO7U6cbV204cWAEco2iC3l061IxlwLtI=
github.com/aws/aws-sdk-go-v2/internal/v4a v1.4.23 h1:FPXsW9+gMuIeKmz7j6ENWcWtBGTe1kH8r9thNt5Uxx4=
github.com/aws/aws-sdk-go-v2/internal/v4a v1.4.23/go.mod h1:7J8iGMdRKk6lw2C+cMIphgAnT8uTwBwNOsGkyOCm80U=
github.com/aws/aws-sdk-go-v2/service/internal/accept-encoding v1.13.8 h1:HtOTYcbVcGABLOVuPYaIihj6IlkqubBwFj10K5fxRek=
github.com/aws/aws-sdk-go-v2/service/internal/accept-encoding v1.13.8/go.mod h1:VsK9abqQeGlzPgUr+isNWzPlK2vKe9INMLWnY65f5Xs=
github.com/aws/aws-sdk-go-v2/service/internal/checksum v1.9.14 h1:xnvDEnw+pnj5mctWiYuFbigrEzSm35x7k4KS/ZkCANg=
github.com/aws/aws-sdk-go-v2/service/internal/checksum v1.9.14/go.mod h1:yS5rNogD8e0Wu9+l3MUwr6eENBzEeGejvINpN5PAYfY=
github.com/aws/aws-sdk-go-v2/service/internal/presigned-url v1.13.22 h1:PUmZeJU6Y1Lbvt9WFuJ0ugUK2xn6hIWUBBbKuOWF30s=
github.com/aws/aws-sdk-go-v2/service/internal/presigned-url v1.13.22/go.mod h1:nO6egFBoAaoXze24a2C0NjQCvdpk8OueRoYimvEB9jo=
github.com/aws/aws-sdk-go-v2/service/internal/s3shared v1.19.22 h1:SE+aQ4DEqG53RRCAIHlCf//B2ycxGH7jFkpnAh/kKPM=
github.com/aws/aws-sdk-go-v2/service/internal/s3shared v1.19.22/go.mod h1:ES3ynECd7fYeJIL6+oax+uIEljmfps0S70BaQzbMd/o=
github.com/aws/aws-sdk-go-v2/service/s3 v1.100.0 h1:7G26Sae6PMKn4kMcU5JzNfrm1YrKwyOhowXPYR2WiWY=
github.com/aws/aws-sdk-go-v2/service/s3 v1.100.0/go.mod h1:Fw9aqhJicIVee1VytBBjH+l+5ov6/PhbtIK/u3rt/ls=
github.com/aws/aws-sdk-go-v2/service/signin v1.0.10 h1:a1Fq/KXn75wSzoJaPQTgZO0wHGqE9mjFnylnqEPTchA=
github.com/aws/aws-sdk-go-v2/service/signin v1.0.10/go.mod h1:p6+MXNxW7IA6dMgHfTAzljuwSKD0NCm/4lbS4t6+7vI=
github.com/aws/aws-sdk-go-v2/service/sso v1.30.16 h1:x6bKbmDhsgSZwv6q19wY/u3rLk/3FGjJWyqKcIRufpE=
github.com/aws/aws-sdk-go-v2/service/sso v1.30.16/go.mod h1:CudnEVKRtLn0+3uMV0yEXZ+YZOKnAtUJ5DmDhilVnIw=
github.com/aws/aws-sdk-go-v2/service/ssooidc v1.35.20 h1:oK/njaL8GtyEihkWMD4k3VgHCT64RQKkZwh0DG5j8ak=
github.com/aws/aws-sdk-go-v2/service/ssooidc v1.35.20/go.mod h1:JHs8/y1f3zY7U5WcuzoJ/yAYGYtNIVPKLIbp61euvmg=
github.com/aws/aws-sdk-go-v2/service/sts v1.42.0 h1:ks8KBcZPh3PYISr5dAiXCM5/Thcuxk8l+PG4+A0exds=
github.com/aws/aws-sdk-go-v2/service/sts v1.42.0/go.mod h1:pFw33T0WLvXU3rw1WBkpMlkgIn54eCB5FYLhjDc9Foo=
github.com/aws/smithy-go v1.25.0 h1:Sz/XJ64rwuiKtB6j98nDIPyYrV1nVNJ4YU74gttcl5U=
github.com/aws/smithy-go v1.25.0/go.mod h1:YE2RhdIuDbA5E5bTdciG9KrW3+TiEONeUWCqxX9i1Fc=
github.com/bitfield/script v0.24.1 h1:D4ZWu72qWL/at0rXFF+9xgs17VwyrpT6PkkBTdEz9xU=
github.com/bitfield/script v0.24.1/go.mod h1:fv+6x4OzVsRs6qAlc7wiGq8fq1b5orhtQdtW0dwjUHI=
github.com/cespare/xxhash/v2 v2.3.0 h1:UL815xU9SqsFlibzuggzjXhog7bL6oX9BbNZnL2UFvs=
github.com/cespare/xxhash/v2 v2.3.0/go.mod h1:VGX0DQ3Q6kWi7AoAeZDth3/j3BFtOZR5XLFGgcrjCOs=
github.com/davecgh/go-spew v1.1.1 h1:vj9j/u1bqnvCEfJOwUhtlOARqs3+rkHYY13jYWTU97c=
github.com/davecgh/go-spew v1.1.1/go.mod h1:J7Y8YcW2NihsgmVo/mv3lAwl/skON4iLHjSsI+c5H38=
github.com/felixge/httpsnoop v1.0.4 h1:NFTV2Zj1bL4mc9sqWACXbQFVBBg2W3GPvqp8/ESS2Wg=
github.com/felixge/httpsnoop v1.0.4/go.mod h1:m8KPJKqk1gH5J9DgRY2ASl2lWCfGKXixSwevea8zH2U=
github.com/forPelevin/gomoji v1.4.1 h1:7U+Bl8o6RV/dOQz7coQFWj/jX6Ram6/cWFOuFDEPEUo=
github.com/forPelevin/gomoji v1.4.1/go.mod h1:mM6GtmCgpoQP2usDArc6GjbXrti5+FffolyQfGgPboQ=
github.com/go-logr/logr v1.2.2/go.mod h1:jdQByPbusPIv2/zmleS9BjJVeZ6kBagPoEUsqbVz/1A=
github.com/go-logr/logr v1.4.3 h1:CjnDlHq8ikf6E492q6eKboGOC0T8CDaOvkHCIg8idEI=
github.com/go-logr/logr v1.4.3/go.mod h1:9T104GzyrTigFIr8wt5mBrctHMim0Nb2HLGrmQ40KvY=
github.com/go-logr/stdr v1.2.2 h1:hSWxHoqTgW2S2qGc0LTAI563KZ5YKYRhT3MFKZMbjag=
github.com/go-logr/stdr v1.2.2/go.mod h1:mMo/vtBO5dYbehREoey6XUKy/eSumjCCveDpRre4VKE=
github.com/go-quicktest/qt v1.101.0 h1:O1K29Txy5P2OK0dGo59b7b0LR6wKfIhttaAhHUyn7eI=
github.com/go-quicktest/qt v1.101.0/go.mod h1:14Bz/f7NwaXPtdYEgzsx46kqSxVwTbzVZsDC26tQJow=
github.com/golang/protobuf v1.5.4 h1:i7eJL8qZTpSEXOPTxNKhASYpMn+8e5Q6AdndVa1dWek=
github.com/golang/protobuf v1.5.4/go.mod h1:lnTiLA8Wa4RWRcIUkrtSVa5nRhsEGBg48fD6rSs7xps=
github.com/google/go-cmp v0.7.0 h1:wk8382ETsv4JYUZwIsn6YpYiWiBsYLSJiTsyBybVuN8=
github.com/google/go-cmp v0.7.0/go.mod h1:pXiqmnSA92OHEEa9HXL2W4E7lf9JzCmGVUdgjX3N/iU=
github.com/google/s2a-go v0.1.9 h1:LGD7gtMgezd8a/Xak7mEWL0PjoTQFvpRudN895yqKW0=
github.com/google/s2a-go v0.1.9/go.mod h1:YA0Ei2ZQL3acow2O62kdp9UlnvMmU7kA6Eutn0dXayM=
github.com/google/uuid v1.6.0 h1:NIvaJDMOsjHA8n1jAhLSgzrAzy1Hgr+hNrb57e+94F0=
github.com/google/uuid v1.6.0/go.mod h1:TIyPZe4MgqvfeYDBFedMoGGpEw/LqOeaOT+nhxU+yHo=
github.com/googleapis/enterprise-certificate-proxy v0.3.14 h1:yh8ncqsbUY4shRD5dA6RlzjJaT4hi3kII+zYw8wmLb8=
github.com/googleapis/enterprise-certificate-proxy v0.3.14/go.mod h1:vqVt9yG9480NtzREnTlmGSBmFrA+bzb0yl0TxoBQXOg=
github.com/googleapis/gax-go/v2 v2.21.0 h1:h45NjjzEO3faG9Lg/cFrBh2PgegVVgzqKzuZl/wMbiI=
github.com/googleapis/gax-go/v2 v2.21.0/go.mod h1:But/NJU6TnZsrLai/xBAQLLz+Hc7fHZJt/hsCz3Fih4=
github.com/gorilla/feeds v1.2.0 h1:O6pBiXJ5JHhPvqy53NsjKOThq+dNFm8+DFrxBEdzSCc=
github.com/gorilla/feeds v1.2.0/go.mod h1:WMib8uJP3BbY+X8Szd1rA5Pzhdfh+HCCAYT2z7Fza6Y=
github.com/hexops/gotextdiff v1.0.3 h1:gitA9+qJrrTCsiCl7+kh75nPqQt1cx4ZkudSTLoUqJM=
github.com/hexops/gotextdiff v1.0.3/go.mod h1:pSWU5MAI3yDq+fZBTazCSJysOMbxWL1BSow5/V2vxeg=
github.com/itchyny/gojq v0.12.18 h1:gFGHyt/MLbG9n6dqnvlliiya2TaMMh6FFaR2b1H6Drc=
github.com/itchyny/gojq v0.12.18/go.mod h1:4hPoZ/3lN9fDL1D+aK7DY1f39XZpY9+1Xpjz8atrEkg=
github.com/itchyny/timefmt-go v0.1.7 h1:xyftit9Tbw+Dc/huSSPJaEmX1TVL8lw5vxjJLK4GMMA=
github.com/itchyny/timefmt-go v0.1.7/go.mod h1:5E46Q+zj7vbTgWY8o5YkMeYb4I6GeWLFnetPy5oBrAI=
github.com/kr/pretty v0.3.1 h1:flRD4NNwYAUpkphVc1HcthR4KEIFJ65n8Mw5qdRn3LE=
github.com/kr/pretty v0.3.1/go.mod h1:hoEshYVHaxMs3cyo3Yncou5ZscifuDolrwPKZanG3xk=
github.com/kr/text v0.2.0 h1:5Nx0Ya0ZqY2ygV366QzturHI13Jq95ApcVaJBhpS+AY=
github.com/kr/text v0.2.0/go.mod h1:eLer722TekiGuMkidMxC/pM04lWEeraHUUmBw8l2grE=
github.com/matthalp/go-meridian/v2 v2.0.0 h1:aF+t3SklZPTwKvtrmVkDEitYAwrefFYRE+ge5w8nw0U=
github.com/matthalp/go-meridian/v2 v2.0.0/go.mod h1:x7zKXXvAMiGw6psK1FFePiaE738nzzJctXqGDmkwmOI=
github.com/otiai10/copy v1.14.1 h1:5/7E6qsUMBaH5AnQ0sSLzzTg1oTECmcCmT6lvF45Na8=
github.com/otiai10/copy v1.14.1/go.mod h1:oQwrEDDOci3IM8dJF0d8+jnbfPDllW6vUjNc3DoZm9I=
github.com/otiai10/mint v1.6.3 h1:87qsV/aw1F5as1eH1zS/yqHY85ANKVMgkDrf9rcxbQs=
github.com/otiai10/mint v1.6.3/go.mod h1:MJm72SBthJjz8qhefc4z1PYEieWmy8Bku7CjcAqyUSM=
github.com/pmezard/go-difflib v1.0.0 h1:4DBwDE0NGyQoBHbLQYPwSUPoCMWR5BEzIk/f1lZbAQM=
github.com/pmezard/go-difflib v1.0.0/go.mod h1:iKH77koFhYxTK1pcRnkKkqfTogsbg7gZNVY4sRDYZ/4=
github.com/resend/resend-go/v3 v3.6.0 h1:T0/Bvw9YsWYbusf+LhDkAW1dmytFsMv08//r+fnSNU8=
github.com/resend/resend-go/v3 v3.6.0/go.mod h1:iI7VA0NoGjWvsNii5iNC5Dy0llsI3HncXPejhniYzwE=
github.com/rivo/uniseg v0.4.7 h1:WUdvkW8uEhrYfLC4ZzdpI2ztxP1I582+49Oc5Mq64VQ=
github.com/rivo/uniseg v0.4.7/go.mod h1:FN3SvrM+Zdj16jyLfmOkMNblXMcoc8DfTHruCPUcx88=
github.com/rogpeppe/go-internal v1.14.1 h1:UQB4HGPB6osV0SQTLymcB4TgvyWu6ZyliaW0tI/otEQ=
github.com/rogpeppe/go-internal v1.14.1/go.mod h1:MaRKkUm5W0goXpeCfT7UZI6fk/L7L7so1lCWt35ZSgc=
github.com/samber/lo v1.53.0 h1:t975lj2py4kJPQ6haz1QMgtId2gtmfktACxIXArw3HM=
github.com/samber/lo v1.53.0/go.mod h1:4+MXEGsJzbKGaUEQFKBq2xtfuznW9oz/WrgyzMzRoM0=
github.com/stretchr/testify v1.11.1 h1:7s2iGBzp5EwR7/aIZr8ao5+dra3wiQyKjjFuvgVKu7U=
github.com/stretchr/testify v1.11.1/go.mod h1:wZwfW3scLgRK+23gO65QZefKpKQRnfz6sD981Nm4B6U=
github.com/yuin/goldmark v1.8.2 h1:kEGpgqJXdgbkhcOgBxkC0X0PmoPG1ZyoZ117rDVp4zE=
github.com/yuin/goldmark v1.8.2/go.mod h1:ip/1k0VRfGynBgxOz0yCqHrbZXhcjxyuS66Brc7iBKg=
go.abhg.dev/goldmark/hashtag v0.4.0 h1:jkYcsIRUpog/rhWMnIOjj14qj8p5p4um+IzPbPUxFww=
go.abhg.dev/goldmark/hashtag v0.4.0/go.mod h1:5DQwSo2dEHKtsfXOC1+Po7WgVwR5IoGjgeVIerddz9g=
go.opentelemetry.io/auto/sdk v1.2.1 h1:jXsnJ4Lmnqd11kwkBV2LgLoFMZKizbCi5fNZ/ipaZ64=
go.opentelemetry.io/auto/sdk v1.2.1/go.mod h1:KRTj+aOaElaLi+wW1kO/DZRXwkF4C5xPbEe3ZiIhN7Y=
go.opentelemetry.io/contrib/instrumentation/net/http/otelhttp v0.67.0 h1:OyrsyzuttWTSur2qN/Lm0m2a8yqyIjUVBZcxFPuXq2o=
go.opentelemetry.io/contrib/instrumentation/net/http/otelhttp v0.67.0/go.mod h1:C2NGBr+kAB4bk3xtMXfZ94gqFDtg/GkI7e9zqGh5Beg=
go.opentelemetry.io/otel v1.43.0 h1:mYIM03dnh5zfN7HautFE4ieIig9amkNANT+xcVxAj9I=
go.opentelemetry.io/otel v1.43.0/go.mod h1:JuG+u74mvjvcm8vj8pI5XiHy1zDeoCS2LB1spIq7Ay0=
go.opentelemetry.io/otel/metric v1.43.0 h1:d7638QeInOnuwOONPp4JAOGfbCEpYb+K6DVWvdxGzgM=
go.opentelemetry.io/otel/metric v1.43.0/go.mod h1:RDnPtIxvqlgO8GRW18W6Z/4P462ldprJtfxHxyKd2PY=
go.opentelemetry.io/otel/sdk v1.43.0 h1:pi5mE86i5rTeLXqoF/hhiBtUNcrAGHLKQdhg4h4V9Dg=
go.opentelemetry.io/otel/sdk v1.43.0/go.mod h1:P+IkVU3iWukmiit/Yf9AWvpyRDlUeBaRg6Y+C58QHzg=
go.opentelemetry.io/otel/sdk/metric v1.42.0 h1:D/1QR46Clz6ajyZ3G8SgNlTJKBdGp84q9RKCAZ3YGuA=
go.opentelemetry.io/otel/sdk/metric v1.42.0/go.mod h1:Ua6AAlDKdZ7tdvaQKfSmnFTdHx37+J4ba8MwVCYM5hc=
go.opentelemetry.io/otel/trace v1.43.0 h1:BkNrHpup+4k4w+ZZ86CZoHHEkohws8AY+WTX09nk+3A=
go.opentelemetry.io/otel/trace v1.43.0/go.mod h1:/QJhyVBUUswCphDVxq+8mld+AvhXZLhe+8WVFxiFff0=
golang.org/x/crypto v0.49.0 h1:+Ng2ULVvLHnJ/ZFEq4KdcDd/cfjrrjjNSXNzxg0Y4U4=
golang.org/x/crypto v0.49.0/go.mod h1:ErX4dUh2UM+CFYiXZRTcMpEcN8b/1gxEuv3nODoYtCA=
golang.org/x/net v0.52.0 h1:He/TN1l0e4mmR3QqHMT2Xab3Aj3L9qjbhRm78/6jrW0=
golang.org/x/net v0.52.0/go.mod h1:R1MAz7uMZxVMualyPXb+VaqGSa3LIaUqk0eEt3w36Sw=
golang.org/x/oauth2 v0.36.0 h1:peZ/1z27fi9hUOFCAZaHyrpWG5lwe0RJEEEeH0ThlIs=
golang.org/x/oauth2 v0.36.0/go.mod h1:YDBUJMTkDnJS+A4BP4eZBjCqtokkg1hODuPjwiGPO7Q=
golang.org/x/sync v0.20.0 h1:e0PTpb7pjO8GAtTs2dQ6jYa5BWYlMuX047Dco/pItO4=
golang.org/x/sync v0.20.0/go.mod h1:9xrNwdLfx4jkKbNva9FpL6vEN7evnE43NNNJQ2LF3+0=
golang.org/x/sys v0.42.0 h1:omrd2nAlyT5ESRdCLYdm3+fMfNFE/+Rf4bDIQImRJeo=
golang.org/x/sys v0.42.0/go.mod h1:4GL1E5IUh+htKOUEOaiffhrAeqysfVGipDYzABqnCmw=
golang.org/x/text v0.35.0 h1:JOVx6vVDFokkpaq1AEptVzLTpDe9KGpj5tR4/X+ybL8=
golang.org/x/text v0.35.0/go.mod h1:khi/HExzZJ2pGnjenulevKNX1W67CUy0AsXcNubPGCA=
golang.org/x/tools v0.42.0 h1:uNgphsn75Tdz5Ji2q36v/nsFSfR/9BRFvqhGBaJGd5k=
golang.org/x/tools v0.42.0/go.mod h1:Ma6lCIwGZvHK6XtgbswSoWroEkhugApmsXyrUmBhfr0=
gonum.org/v1/gonum v0.17.0 h1:VbpOemQlsSMrYmn7T2OUvQ4dqxQXU+ouZFQsZOx50z4=
gonum.org/v1/gonum v0.17.0/go.mod h1:El3tOrEuMpv2UdMrbNlKEh9vd86bmQ6vqIcDwxEOc1E=
google.golang.org/api v0.276.0 h1:nVArUtfLEihtW+b0DdcqRGK1xoEm2+ltAihyztq7MKY=
google.golang.org/api v0.276.0/go.mod h1:Fnag/EWUPIcJXuIkP1pjoTgS5vdxlk3eeemL7Do6bvw=
google.golang.org/genproto v0.0.0-20260319201613-d00831a3d3e7 h1:XzmzkmB14QhVhgnawEVsOn6OFsnpyxNPRY9QV01dNB0=
google.golang.org/genproto v0.0.0-20260319201613-d00831a3d3e7/go.mod h1:L43LFes82YgSonw6iTXTxXUX1OlULt4AQtkik4ULL/I=
google.golang.org/genproto/googleapis/api v0.0.0-20260319201613-d00831a3d3e7 h1:41r6JMbpzBMen0R/4TZeeAmGXSJC7DftGINUodzTkPI=
google.golang.org/genproto/googleapis/api v0.0.0-20260319201613-d00831a3d3e7/go.mod h1:EIQZ5bFCfRQDV4MhRle7+OgjNtZ6P1PiZBgAKuxXu/Y=
google.golang.org/genproto/googleapis/rpc v0.0.0-20260401024825-9d38bb4040a9 h1:m8qni9SQFH0tJc1X0vmnpw/0t+AImlSvp30sEupozUg=
google.golang.org/genproto/googleapis/rpc v0.0.0-20260401024825-9d38bb4040a9/go.mod h1:4Hqkh8ycfw05ld/3BWL7rJOSfebL2Q+DVDeRgYgxUU8=
google.golang.org/grpc v1.80.0 h1:Xr6m2WmWZLETvUNvIUmeD5OAagMw3FiKmMlTdViWsHM=
google.golang.org/grpc v1.80.0/go.mod h1:ho/dLnxwi3EDJA4Zghp7k2Ec1+c2jqup0bFkw07bwF4=
google.golang.org/protobuf v1.36.11 h1:fV6ZwhNocDyBLK0dj+fg8ektcVegBBuEolpbTQyBNVE=
google.golang.org/protobuf v1.36.11/go.mod h1:HTf+CrKn2C3g5S8VImy6tdcUvCska2kB7j23XfzDpco=
gopkg.in/yaml.v3 v3.0.1 h1:fxVm/GzAzEWqLHuvctI91KS9hhNmmWOoWu0XTYJS7CA=
gopkg.in/yaml.v3 v3.0.1/go.mod h1:K4uyk7z7BCEPqu6E+C64Yfv1cQ7kz7rIZviUmN+EgEM=
mvdan.cc/sh/v3 v3.12.0 h1:ejKUR7ONP5bb+UGHGEG/k9V5+pRVIyD+LsZz7o8KHrI=
mvdan.cc/sh/v3 v3.12.0/go.mod h1:Se6Cj17eYSn+sNooLZiEUnNNmNxg0imoYlTu4CyaGyg=
